// !$*UTF8*$!
{
	archiveVersion = 1;
	classes = {
	};
	objectVersion = 50;
	objects = {

/* Begin PBXBuildFile section */
		AB4D6EB9239EC1DD00EDB9B8 /* AppDelegate.swift in Sources */ = {isa = PBXBuildFile; fileRef = AB4D6EB8239EC1DD00EDB9B8 /* AppDelegate.swift */; };
		AB4D6EBB239EC1DD00EDB9B8 /* SceneDelegate.swift in Sources */ = {isa = PBXBuildFile; fileRef = AB4D6EBA239EC1DD00EDB9B8 /* SceneDelegate.swift */; };
		AB4D6EBD239EC1DD00EDB9B8 /* ViewController.swift in Sources */ = {isa = PBXBuildFile; fileRef = AB4D6EBC239EC1DD00EDB9B8 /* ViewController.swift */; };
		AB4D6EC0239EC1DD00EDB9B8 /* Main.storyboard in Resources */ = {isa = PBXBuildFile; fileRef = AB4D6EBE239EC1DD00EDB9B8 /* Main.storyboard */; };
		AB4D6EC2239EC1E200EDB9B8 /* Assets.xcassets in Resources */ = {isa = PBXBuildFile; fileRef = AB4D6EC1239EC1E200EDB9B8 /* Assets.xcassets */; };
		AB4D6EC5239EC1E200EDB9B8 /* LaunchScreen.storyboard in Resources */ = {isa = PBXBuildFile; fileRef = AB4D6EC3239EC1E200EDB9B8 /* LaunchScreen.storyboard */; };
		AB4D6ED0239EC20400EDB9B8 /* CloudKit.framework in Frameworks */ = {isa = PBXBuildFile; fileRef = AB4D6ECF239EC20400EDB9B8 /* CloudKit.framework */; };
		AB4D6ED8239EC2CD00EDB9B8 /* Hype.swift in Sources */ = {isa = PBXBuildFile; fileRef = AB4D6ED7239EC2CD00EDB9B8 /* Hype.swift */; };
		AB4D6EDA239EC33900EDB9B8 /* HypeController.swift in Sources */ = {isa = PBXBuildFile; fileRef = AB4D6ED9239EC33900EDB9B8 /* HypeController.swift */; };
		AB4D6EDC239EC52000EDB9B8 /* HypeListViewController.swift in Sources */ = {isa = PBXBuildFile; fileRef = AB4D6EDB239EC52000EDB9B8 /* HypeListViewController.swift */; };
		AB4D6EDF239EC6DE00EDB9B8 /* DateExtension.swift in Sources */ = {isa = PBXBuildFile; fileRef = AB4D6EDE239EC6DE00EDB9B8 /* DateExtension.swift */; };
/* End PBXBuildFile section */

/* Begin PBXFileReference section */
		AB4D6EB5239EC1DD00EDB9B8 /* GetHype.app */ = {isa = PBXFileReference; explicitFileType = wrapper.application; includeInIndex = 0; path = GetHype.app; sourceTree = BUILT_PRODUCTS_DIR; };
		AB4D6EB8239EC1DD00EDB9B8 /* AppDelegate.swift */ = {isa = PBXFileReference; lastKnownFileType = sourcecode.swift; path = AppDelegate.swift; sourceTree = "<group>"; };
		AB4D6EBA239EC1DD00EDB9B8 /* SceneDelegate.swift */ = {isa = PBXFileReference; lastKnownFileType = sourcecode.swift; path = SceneDelegate.swift; sourceTree = "<group>"; };
		AB4D6EBC239EC1DD00EDB9B8 /* ViewController.swift */ = {isa = PBXFileReference; lastKnownFileType = sourcecode.swift; path = ViewController.swift; sourceTree = "<group>"; };
		AB4D6EBF239EC1DD00EDB9B8 /* Base */ = {isa = PBXFileReference; lastKnownFileType = file.storyboard; name = Base; path = Base.lproj/Main.storyboard; sourceTree = "<group>"; };
		AB4D6EC1239EC1E200EDB9B8 /* Assets.xcassets */ = {isa = PBXFileReference; lastKnownFileType = folder.assetcatalog; path = Assets.xcassets; sourceTree = "<group>"; };
		AB4D6EC4239EC1E200EDB9B8 /* Base */ = {isa = PBXFileReference; lastKnownFileType = file.storyboard; name = Base; path = Base.lproj/LaunchScreen.storyboard; sourceTree = "<group>"; };
		AB4D6EC6239EC1E200EDB9B8 /* Info.plist */ = {isa = PBXFileReference; lastKnownFileType = text.plist.xml; path = Info.plist; sourceTree = "<group>"; };
		AB4D6ECD239EC20200EDB9B8 /* GetHype.entitlements */ = {isa = PBXFileReference; lastKnownFileType = text.plist.entitlements; path = GetHype.entitlements; sourceTree = "<group>"; };
		AB4D6ECF239EC20400EDB9B8 /* CloudKit.framework */ = {isa = PBXFileReference; lastKnownFileType = wrapper.framework; name = CloudKit.framework; path = System/Library/Frameworks/CloudKit.framework; sourceTree = SDKROOT; };
		AB4D6ED7239EC2CD00EDB9B8 /* Hype.swift */ = {isa = PBXFileReference; lastKnownFileType = sourcecode.swift; path = Hype.swift; sourceTree = "<group>"; };
		AB4D6ED9239EC33900EDB9B8 /* HypeController.swift */ = {isa = PBXFileReference; lastKnownFileType = sourcecode.swift; path = HypeController.swift; sourceTree = "<group>"; };
		AB4D6EDB239EC52000EDB9B8 /* HypeListViewController.swift */ = {isa = PBXFileReference; lastKnownFileType = sourcecode.swift; path = HypeListViewController.swift; sourceTree = "<group>"; };
		AB4D6EDE239EC6DE00EDB9B8 /* DateExtension.swift */ = {isa = PBXFileReference; lastKnownFileType = sourcecode.swift; path = DateExtension.swift; sourceTree = "<group>"; };
/* End PBXFileReference section */

/* Begin PBXFrameworksBuildPhase section */
		AB4D6EB2239EC1DD00EDB9B8 /* Frameworks */ = {
			isa = PBXFrameworksBuildPhase;
			buildActionMask = 2147483647;
			files = (
				AB4D6ED0239EC20400EDB9B8 /* CloudKit.framework in Frameworks */,
			);
			runOnlyForDeploymentPostprocessing = 0;
		};
/* End PBXFrameworksBuildPhase section */

/* Begin PBXGroup section */
		AB4D6EAC239EC1DD00EDB9B8 = {
			isa = PBXGroup;
			children = (
				AB4D6EB7239EC1DD00EDB9B8 /* GetHype */,
				AB4D6EB6239EC1DD00EDB9B8 /* Products */,
				AB4D6ECE239EC20400EDB9B8 /* Frameworks */,
			);
			sourceTree = "<group>";
		};
		AB4D6EB6239EC1DD00EDB9B8 /* Products */ = {
			isa = PBXGroup;
			children = (
				AB4D6EB5239EC1DD00EDB9B8 /* GetHype.app */,
			);
			name = Products;
			sourceTree = "<group>";
		};
		AB4D6EB7239EC1DD00EDB9B8 /* GetHype */ = {
			isa = PBXGroup;
			children = (
				AB4D6EDD239EC6D000EDB9B8 /* Utilities */,
				AB4D6ED3239EC2B100EDB9B8 /* Controllers */,
				AB4D6ED2239EC2AB00EDB9B8 /* Views */,
				AB4D6ED1239EC2A400EDB9B8 /* Models */,
				AB4D6ECC239EC1F000EDB9B8 /* Resources */,
				AB4D6EBC239EC1DD00EDB9B8 /* ViewController.swift */,
			);
			path = GetHype;
			sourceTree = "<group>";
		};
		AB4D6ECC239EC1F000EDB9B8 /* Resources */ = {
			isa = PBXGroup;
			children = (
				AB4D6ECD239EC20200EDB9B8 /* GetHype.entitlements */,
				AB4D6EB8239EC1DD00EDB9B8 /* AppDelegate.swift */,
				AB4D6EBA239EC1DD00EDB9B8 /* SceneDelegate.swift */,
				AB4D6EC1239EC1E200EDB9B8 /* Assets.xcassets */,
				AB4D6EC6239EC1E200EDB9B8 /* Info.plist */,
			);
			path = Resources;
			sourceTree = "<group>";
		};
		AB4D6ECE239EC20400EDB9B8 /* Frameworks */ = {
			isa = PBXGroup;
			children = (
				AB4D6ECF239EC20400EDB9B8 /* CloudKit.framework */,
			);
			name = Frameworks;
			sourceTree = "<group>";
		};
		AB4D6ED1239EC2A400EDB9B8 /* Models */ = {
			isa = PBXGroup;
			children = (
				AB4D6ED7239EC2CD00EDB9B8 /* Hype.swift */,
			);
			path = Models;
			sourceTree = "<group>";
		};
		AB4D6ED2239EC2AB00EDB9B8 /* Views */ = {
			isa = PBXGroup;
			children = (
				AB4D6ED4239EC2B600EDB9B8 /* Storyboards */,
			);
			path = Views;
			sourceTree = "<group>";
		};
		AB4D6ED3239EC2B100EDB9B8 /* Controllers */ = {
			isa = PBXGroup;
			children = (
				AB4D6ED6239EC2C300EDB9B8 /* Model Controllers */,
				AB4D6ED5239EC2BC00EDB9B8 /* View Controllers */,
			);
			path = Controllers;
			sourceTree = "<group>";
		};
		AB4D6ED4239EC2B600EDB9B8 /* Storyboards */ = {
			isa = PBXGroup;
			children = (
				AB4D6EBE239EC1DD00EDB9B8 /* Main.storyboard */,
				AB4D6EC3239EC1E200EDB9B8 /* LaunchScreen.storyboard */,
			);
			path = Storyboards;
			sourceTree = "<group>";
		};
		AB4D6ED5239EC2BC00EDB9B8 /* View Controllers */ = {
			isa = PBXGroup;
			children = (
				AB4D6EDB239EC52000EDB9B8 /* HypeListViewController.swift */,
			);
			path = "View Controllers";
			sourceTree = "<group>";
		};
		AB4D6ED6239EC2C300EDB9B8 /* Model Controllers */ = {
			isa = PBXGroup;
			children = (
				AB4D6ED9239EC33900EDB9B8 /* HypeController.swift */,
			);
			path = "Model Controllers";
			sourceTree = "<group>";
		};
		AB4D6EDD239EC6D000EDB9B8 /* Utilities */ = {
			isa = PBXGroup;
			children = (
				AB4D6EDE239EC6DE00EDB9B8 /* DateExtension.swift */,
			);
			path = Utilities;
			sourceTree = "<group>";
		};
/* End PBXGroup section */

/* Begin PBXNativeTarget section */
		AB4D6EB4239EC1DD00EDB9B8 /* GetHype */ = {
			isa = PBXNativeTarget;
			buildConfigurationList = AB4D6EC9239EC1E200EDB9B8 /* Build configuration list for PBXNativeTarget "GetHype" */;
			buildPhases = (
				AB4D6EB1239EC1DD00EDB9B8 /* Sources */,
				AB4D6EB2239EC1DD00EDB9B8 /* Frameworks */,
				AB4D6EB3239EC1DD00EDB9B8 /* Resources */,
			);
			buildRules = (
			);
			dependencies = (
			);
			name = GetHype;
			productName = GetHype;
			productReference = AB4D6EB5239EC1DD00EDB9B8 /* GetHype.app */;
			productType = "com.apple.product-type.application";
		};
/* End PBXNativeTarget section */

/* Begin PBXProject section */
		AB4D6EAD239EC1DD00EDB9B8 /* Project object */ = {
			isa = PBXProject;
			attributes = {
				LastSwiftUpdateCheck = 1120;
				LastUpgradeCheck = 1120;
				ORGANIZATIONNAME = "Aaron Shackelford";
				TargetAttributes = {
					AB4D6EB4239EC1DD00EDB9B8 = {
						CreatedOnToolsVersion = 11.2.1;
					};
				};
			};
			buildConfigurationList = AB4D6EB0239EC1DD00EDB9B8 /* Build configuration list for PBXProject "GetHype" */;
			compatibilityVersion = "Xcode 9.3";
			developmentRegion = en;
			hasScannedForEncodings = 0;
			knownRegions = (
				en,
				Base,
			);
			mainGroup = AB4D6EAC239EC1DD00EDB9B8;
			productRefGroup = AB4D6EB6239EC1DD00EDB9B8 /* Products */;
			projectDirPath = "";
			projectRoot = "";
			targets = (
				AB4D6EB4239EC1DD00EDB9B8 /* GetHype */,
			);
		};
/* End PBXProject section */

/* Begin PBXResourcesBuildPhase section */
		AB4D6EB3239EC1DD00EDB9B8 /* Resources */ = {
			isa = PBXResourcesBuildPhase;
			buildActionMask = 2147483647;
			files = (
				AB4D6EC5239EC1E200EDB9B8 /* LaunchScreen.storyboard in Resources */,
				AB4D6EC2239EC1E200EDB9B8 /* Assets.xcassets in Resources */,
				AB4D6EC0239EC1DD00EDB9B8 /* Main.storyboard in Resources */,
			);
			runOnlyForDeploymentPostprocessing = 0;
		};
/* End PBXResourcesBuildPhase section */

/* Begin PBXSourcesBuildPhase section */
		AB4D6EB1239EC1DD00EDB9B8 /* Sources */ = {
			isa = PBXSourcesBuildPhase;
			buildActionMask = 2147483647;
			files = (
				AB4D6EDA239EC33900EDB9B8 /* HypeController.swift in Sources */,
				AB4D6EDF239EC6DE00EDB9B8 /* DateExtension.swift in Sources */,
				AB4D6EBD239EC1DD00EDB9B8 /* ViewController.swift in Sources */,
				AB4D6EDC239EC52000EDB9B8 /* HypeListViewController.swift in Sources */,
				AB4D6EB9239EC1DD00EDB9B8 /* AppDelegate.swift in Sources */,
				AB4D6EBB239EC1DD00EDB9B8 /* SceneDelegate.swift in Sources */,
				AB4D6ED8239EC2CD00EDB9B8 /* Hype.swift in Sources */,
			);
			runOnlyForDeploymentPostprocessing = 0;
		};
/* End PBXSourcesBuildPhase section */

/* Begin PBXVariantGroup section */
		AB4D6EBE239EC1DD00EDB9B8 /* Main.storyboard */ = {
			isa = PBXVariantGroup;
			children = (
				AB4D6EBF239EC1DD00EDB9B8 /* Base */,
			);
			name = Main.storyboard;
			sourceTree = "<group>";
		};
		AB4D6EC3239EC1E200EDB9B8 /* LaunchScreen.storyboard */ = {
			isa = PBXVariantGroup;
			children = (
				AB4D6EC4239EC1E200EDB9B8 /* Base */,
			);
			name = LaunchScreen.storyboard;
			sourceTree = "<group>";
		};
/* End PBXVariantGroup section */

/* Begin XCBuildConfiguration section */
		AB4D6EC7239EC1E200EDB9B8 /* Debug */ = {
			isa = XCBuildConfiguration;
			buildSettings = {
				ALWAYS_SEARCH_USER_PATHS = NO;
				CLANG_ANALYZER_NONNULL = YES;
				CLANG_ANALYZER_NUMBER_OBJECT_CONVERSION = YES_AGGRESSIVE;
				CLANG_CXX_LANGUAGE_STANDARD = "gnu++14";
				CLANG_CXX_LIBRARY = "libc++";
				CLANG_ENABLE_MODULES = YES;
				CLANG_ENABLE_OBJC_ARC = YES;
				CLANG_ENABLE_OBJC_WEAK = YES;
				CLANG_WARN_BLOCK_CAPTURE_AUTORELEASING = YES;
				CLANG_WARN_BOOL_CONVERSION = YES;
				CLANG_WARN_COMMA = YES;
				CLANG_WARN_CONSTANT_CONVERSION = YES;
				CLANG_WARN_DEPRECATED_OBJC_IMPLEMENTATIONS = YES;
				CLANG_WARN_DIRECT_OBJC_ISA_USAGE = YES_ERROR;
				CLANG_WARN_DOCUMENTATION_COMMENTS = YES;
				CLANG_WARN_EMPTY_BODY = YES;
				CLANG_WARN_ENUM_CONVERSION = YES;
				CLANG_WARN_INFINITE_RECURSION = YES;
				CLANG_WARN_INT_CONVERSION = YES;
				CLANG_WARN_NON_LITERAL_NULL_CONVERSION = YES;
				CLANG_WARN_OBJC_IMPLICIT_RETAIN_SELF = YES;
				CLANG_WARN_OBJC_LITERAL_CONVERSION = YES;
				CLANG_WARN_OBJC_ROOT_CLASS = YES_ERROR;
				CLANG_WARN_RANGE_LOOP_ANALYSIS = YES;
				CLANG_WARN_STRICT_PROTOTYPES = YES;
				CLANG_WARN_SUSPICIOUS_MOVE = YES;
				CLANG_WARN_UNGUARDED_AVAILABILITY = YES_AGGRESSIVE;
				CLANG_WARN_UNREACHABLE_CODE = YES;
				CLANG_WARN__DUPLICATE_METHOD_MATCH = YES;
				COPY_PHASE_STRIP = NO;
				DEBUG_INFORMATION_FORMAT = dwarf;
				ENABLE_STRICT_OBJC_MSGSEND = YES;
				ENABLE_TESTABILITY = YES;
				GCC_C_LANGUAGE_STANDARD = gnu11;
				GCC_DYNAMIC_NO_PIC = NO;
				GCC_NO_COMMON_BLOCKS = YES;
				GCC_OPTIMIZATION_LEVEL = 0;
				GCC_PREPROCESSOR_DEFINITIONS = (
					"DEBUG=1",
					"$(inherited)",
				);
				GCC_WARN_64_TO_32_BIT_CONVERSION = YES;
				GCC_WARN_ABOUT_RETURN_TYPE = YES_ERROR;
				GCC_WARN_UNDECLARED_SELECTOR = YES;
				GCC_WARN_UNINITIALIZED_AUTOS = YES_AGGRESSIVE;
				GCC_WARN_UNUSED_FUNCTION = YES;
				GCC_WARN_UNUSED_VARIABLE = YES;
				IPHONEOS_DEPLOYMENT_TARGET = 13.2;
				MTL_ENABLE_DEBUG_INFO = INCLUDE_SOURCE;
				MTL_FAST_MATH = YES;
				ONLY_ACTIVE_ARCH = YES;
				SDKROOT = iphoneos;
				SWIFT_ACTIVE_COMPILATION_CONDITIONS = DEBUG;
				SWIFT_OPTIMIZATION_LEVEL = "-Onone";
			};
			name = Debug;
		};
		AB4D6EC8239EC1E200EDB9B8 /* Release */ = {
			isa = XCBuildConfiguration;
			buildSettings = {
				ALWAYS_SEARCH_USER_PATHS = NO;
				CLANG_ANALYZER_NONNULL = YES;
				CLANG_ANALYZER_NUMBER_OBJECT_CONVERSION = YES_AGGRESSIVE;
				CLANG_CXX_LANGUAGE_STANDARD = "gnu++14";
				CLANG_CXX_LIBRARY = "libc++";
				CLANG_ENABLE_MODULES = YES;
				CLANG_ENABLE_OBJC_ARC = YES;
				CLANG_ENABLE_OBJC_WEAK = YES;
				CLANG_WARN_BLOCK_CAPTURE_AUTORELEASING = YES;
				CLANG_WARN_BOOL_CONVERSION = YES;
				CLANG_WARN_COMMA = YES;
				CLANG_WARN_CONSTANT_CONVERSION = YES;
				CLANG_WARN_DEPRECATED_OBJC_IMPLEMENTATIONS = YES;
				CLANG_WARN_DIRECT_OBJC_ISA_USAGE = YES_ERROR;
				CLANG_WARN_DOCUMENTATION_COMMENTS = YES;
				CLANG_WARN_EMPTY_BODY = YES;
				CLANG_WARN_ENUM_CONVERSION = YES;
				CLANG_WARN_INFINITE_RECURSION = YES;
				CLANG_WARN_INT_CONVERSION = YES;
				CLANG_WARN_NON_LITERAL_NULL_CONVERSION = YES;
				CLANG_WARN_OBJC_IMPLICIT_RETAIN_SELF = YES;
				CLANG_WARN_OBJC_LITERAL_CONVERSION = YES;
				CLANG_WARN_OBJC_ROOT_CLASS = YES_ERROR;
				CLANG_WARN_RANGE_LOOP_ANALYSIS = YES;
				CLANG_WARN_STRICT_PROTOTYPES = YES;
				CLANG_WARN_SUSPICIOUS_MOVE = YES;
				CLANG_WARN_UNGUARDED_AVAILABILITY = YES_AGGRESSIVE;
				CLANG_WARN_UNREACHABLE_CODE = YES;
				CLANG_WARN__DUPLICATE_METHOD_MATCH = YES;
				COPY_PHASE_STRIP = NO;
				DEBUG_INFORMATION_FORMAT = "dwarf-with-dsym";
				ENABLE_NS_ASSERTIONS = NO;
				ENABLE_STRICT_OBJC_MSGSEND = YES;
				GCC_C_LANGUAGE_STANDARD = gnu11;
				GCC_NO_COMMON_BLOCKS = YES;
				GCC_WARN_64_TO_32_BIT_CONVERSION = YES;
				GCC_WARN_ABOUT_RETURN_TYPE = YES_ERROR;
				GCC_WARN_UNDECLARED_SELECTOR = YES;
				GCC_WARN_UNINITIALIZED_AUTOS = YES_AGGRESSIVE;
				GCC_WARN_UNUSED_FUNCTION = YES;
				GCC_WARN_UNUSED_VARIABLE = YES;
				IPHONEOS_DEPLOYMENT_TARGET = 13.2;
				MTL_ENABLE_DEBUG_INFO = NO;
				MTL_FAST_MATH = YES;
				SDKROOT = iphoneos;
				SWIFT_COMPILATION_MODE = wholemodule;
				SWIFT_OPTIMIZATION_LEVEL = "-O";
				VALIDATE_PRODUCT = YES;
			};
			name = Release;
		};
		AB4D6ECA239EC1E200EDB9B8 /* Debug */ = {
			isa = XCBuildConfiguration;
			buildSettings = {
				ASSETCATALOG_COMPILER_APPICON_NAME = AppIcon;
				CODE_SIGN_ENTITLEMENTS = GetHype/Resources/GetHype.entitlements;
				CODE_SIGN_STYLE = Automatic;
				DEVELOPMENT_TEAM = 69Y2XBHVDM;
				INFOPLIST_FILE = GetHype/Resources/Info.plist;
				LD_RUNPATH_SEARCH_PATHS = (
					"$(inherited)",
					"@executable_path/Frameworks",
				);
				PRODUCT_BUNDLE_IDENTIFIER = shackelford.ckhype;
				PRODUCT_NAME = "$(TARGET_NAME)";
				SWIFT_VERSION = 5.0;
				TARGETED_DEVICE_FAMILY = "1,2";
			};
			name = Debug;
		};
		AB4D6ECB239EC1E200EDB9B8 /* Release */ = {
			isa = XCBuildConfiguration;
			buildSettings = {
				ASSETCATALOG_COMPILER_APPICON_NAME = AppIcon;
				CODE_SIGN_ENTITLEMENTS = GetHype/Resources/GetHype.entitlements;
				CODE_SIGN_STYLE = Automatic;
				DEVELOPMENT_TEAM = 69Y2XBHVDM;
				INFOPLIST_FILE = GetHype/Resources/Info.plist;
				LD_RUNPATH_SEARCH_PATHS = (
					"$(inherited)",
					"@executable_path/Frameworks",
				);
				PRODUCT_BUNDLE_IDENTIFIER = shackelford.ckhype;
				PRODUCT_NAME = "$(TARGET_NAME)";
				SWIFT_VERSION = 5.0;
				TARGETED_DEVICE_FAMILY = "1,2";
			};
			name = Release;
		};
/* End XCBuildConfiguration section */

/* Begin XCConfigurationList section */
		AB4D6EB0239EC1DD00EDB9B8 /* Build configuration list for PBXProject "GetHype" */ = {
			isa = XCConfigurationList;
			buildConfigurations = (
				AB4D6EC7239EC1E200EDB9B8 /* Debug */,
				AB4D6EC8239EC1E200EDB9B8 /* Release */,
			);
			defaultConfigurationIsVisible = 0;
			defaultConfigurationName = Release;
		};
		AB4D6EC9239EC1E200EDB9B8 /* Build configuration list for PBXNativeTarget "GetHype" */ = {
			isa = XCConfigurationList;
			buildConfigurations = (
				AB4D6ECA239EC1E200EDB9B8 /* Debug */,
				AB4D6ECB239EC1E200EDB9B8 /* Release */,
			);
			defaultConfigurationIsVisible = 0;
			defaultConfigurationName = Release;
		};
/* End XCConfigurationList section */
	};
	rootObject = AB4D6EAD239EC1DD00EDB9B8 /* Project object */;
}
